
Microsoft Visual Studio Solution File, Format Version 12.00
# Visual Studio Version 16
VisualStudioVersion = 16.0.30717.126
MinimumVisualStudioVersion = 10.0.40219.1
Project("{2150E333-8FDC-42A3-9474-1A3956D46DE8}") = "src", "src", "{FB7F262E-E349-43AE-B3D8-A43D41946EF0}"
EndProject
Project("{9A19103F-16F7-4668-BE54-9A1E7A4F7556}") = "Application", "src\Application\Application.csproj", "{2A8988A2-AD52-4C77-82D0-F98533DA295B}"
EndProject
Project("{9A19103F-16F7-4668-BE54-9A1E7A4F7556}") = "Domain", "src\Domain\Domain.csproj", "{0D667AA7-CC9A-413C-946D-2C7FBFE469FE}"
EndProject
Project("{9A19103F-16F7-4668-BE54-9A1E7A4F7556}") = "Infrastructure", "src\Infrastructure\Infrastructure.csproj", "{A1F739EF-C2B1-487F-BD70-924AF20EF8E0}"
EndProject
Project("{9A19103F-16F7-4668-BE54-9A1E7A4F7556}") = "Api", "src\Api\Api.csproj", "{AF9BD7C3-8499-4B80-B5AF-733DABBA15B4}"
EndProject
Project("{2150E333-8FDC-42A3-9474-1A3956D46DE8}") = "docs", "docs", "{F68F236E-B689-48BF-B4D8-2254666C690D}"
	ProjectSection(SolutionItems) = preProject
		Note.txt = Note.txt
	EndProjectSection
EndProject
Global
	GlobalSection(SolutionConfigurationPlatforms) = preSolution
		Debug|Any CPU = Debug|Any CPU
		Release|Any CPU = Release|Any CPU
	EndGlobalSection
	GlobalSection(ProjectConfigurationPlatforms) = postSolution
		{2A8988A2-AD52-4C77-82D0-F98533DA295B}.Debug|Any CPU.ActiveCfg = Debug|Any CPU
		{2A8988A2-AD52-4C77-82D0-F98533DA295B}.Debug|Any CPU.Build.0 = Debug|Any CPU
		{2A8988A2-AD52-4C77-82D0-F98533DA295B}.Release|Any CPU.ActiveCfg = Release|Any CPU
		{2A8988A2-AD52-4C77-82D0-F98533DA295B}.Release|Any CPU.Build.0 = Release|Any CPU
		{0D667AA7-CC9A-413C-946D-2C7FBFE469FE}.Debug|Any CPU.ActiveCfg = Debug|Any CPU
		{0D667AA7-CC9A-413C-946D-2C7FBFE469FE}.Debug|Any CPU.Build.0 = Debug|Any CPU
		{0D667AA7-CC9A-413C-946D-2C7FBFE469FE}.Release|Any CPU.ActiveCfg = Release|Any CPU
		{0D667AA7-CC9A-413C-946D-2C7FBFE469FE}.Release|Any CPU.Build.0 = Release|Any CPU
		{A1F739EF-C2B1-487F-BD70-924AF20EF8E0}.Debug|Any CPU.ActiveCfg = Debug|Any CPU
		{A1F739EF-C2B1-487F-BD70-924AF20EF8E0}.Debug|Any CPU.Build.0 = Debug|Any CPU
		{A1F739EF-C2B1-487F-BD70-924AF20EF8E0}.Release|Any CPU.ActiveCfg = Release|Any CPU
		{A1F739EF-C2B1-487F-BD70-924AF20EF8E0}.Release|Any CPU.Build.0 = Release|Any CPU
		{AF9BD7C3-8499-4B80-B5AF-733DABBA15B4}.Debug|Any CPU.ActiveCfg = Debug|Any CPU
		{AF9BD7C3-8499-4B80-B5AF-733DABBA15B4}.Debug|Any CPU.Build.0 = Debug|Any CPU
		{AF9BD7C3-8499-4B80-B5AF-733DABBA15B4}.Release|Any CPU.ActiveCfg = Release|Any CPU
		{AF9BD7C3-8499-4B80-B5AF-733DABBA15B4}.Release|Any CPU.Build.0 = Release|Any CPU
	EndGlobalSection
	GlobalSection(SolutionProperties) = preSolution
		HideSolutionNode = FALSE
	EndGlobalSection
	GlobalSection(NestedProjects) = preSolution
		{2A8988A2-AD52-4C77-82D0-F98533DA295B} = {FB7F262E-E349-43AE-B3D8-A43D41946EF0}
		{0D667AA7-CC9A-413C-946D-2C7FBFE469FE} = {FB7F262E-E349-43AE-B3D8-A43D41946EF0}
		{A1F739EF-C2B1-487F-BD70-924AF20EF8E0} = {FB7F262E-E349-43AE-B3D8-A43D41946EF0}
		{AF9BD7C3-8499-4B80-B5AF-733DABBA15B4} = {FB7F262E-E349-43AE-B3D8-A43D41946EF0}
	EndGlobalSection
	GlobalSection(ExtensibilityGlobals) = postSolution
		SolutionGuid = {10885D24-3DDA-4D0B-8DC6-3AF8DC8A0CCD}
	EndGlobalSection
EndGlobal
